
Microsoft Visual Studio Solution File, Format Version 12.00
# Visual Studio 15
VisualStudioVersion = 15.0.27004.2006
MinimumVisualStudioVersion = 10.0.40219.1
Project("{FAE04EC0-301F-11D3-BF4B-00C04F79EFBC}") = "ComplyfileAPI.Infra.Data", "ComplyfileAPI.Infra.Data\ComplyfileAPI.Infra.Data.csproj", "{15477655-41BB-425D-BB07-5021934D3BE8}"
EndProject
Project("{FAE04EC0-301F-11D3-BF4B-00C04F79EFBC}") = "ComplyfileAPI.Infra.CrossCutting", "ComplyfileAPI.Infra.CrossCutting\ComplyfileAPI.Infra.CrossCutting.csproj", "{9AC0CD73-B1B1-4FDD-A9A1-01D0805DC9BB}"
EndProject
Project("{FAE04EC0-301F-11D3-BF4B-00C04F79EFBC}") = "ComplyfileAPI.Business", "ComplyfileAPI.Business\ComplyfileAPI.Business.csproj", "{8A18AEA1-5885-4D33-9794-6D0C8A06800A}"
EndProject
Project("{FAE04EC0-301F-11D3-BF4B-00C04F79EFBC}") = "ComplyfileAPI.Services.API", "ComplyfileAPI.Services.API\ComplyfileAPI.Services.API.csproj", "{E6839136-7D27-4154-ACDB-63B9E6044B62}"
EndProject
Global
	GlobalSection(SolutionConfigurationPlatforms) = preSolution
		Debug|Any CPU = Debug|Any CPU
		Release|Any CPU = Release|Any CPU
	EndGlobalSection
	GlobalSection(ProjectConfigurationPlatforms) = postSolution
		{15477655-41BB-425D-BB07-5021934D3BE8}.Debug|Any CPU.ActiveCfg = Debug|Any CPU
		{15477655-41BB-425D-BB07-5021934D3BE8}.Debug|Any CPU.Build.0 = Debug|Any CPU
		{15477655-41BB-425D-BB07-5021934D3BE8}.Release|Any CPU.ActiveCfg = Release|Any CPU
		{15477655-41BB-425D-BB07-5021934D3BE8}.Release|Any CPU.Build.0 = Release|Any CPU
		{9AC0CD73-B1B1-4FDD-A9A1-01D0805DC9BB}.Debug|Any CPU.ActiveCfg = Debug|Any CPU
		{9AC0CD73-B1B1-4FDD-A9A1-01D0805DC9BB}.Debug|Any CPU.Build.0 = Debug|Any CPU
		{9AC0CD73-B1B1-4FDD-A9A1-01D0805DC9BB}.Release|Any CPU.ActiveCfg = Release|Any CPU
		{9AC0CD73-B1B1-4FDD-A9A1-01D0805DC9BB}.Release|Any CPU.Build.0 = Release|Any CPU
		{8A18AEA1-5885-4D33-9794-6D0C8A06800A}.Debug|Any CPU.ActiveCfg = Debug|Any CPU
		{8A18AEA1-5885-4D33-9794-6D0C8A06800A}.Debug|Any CPU.Build.0 = Debug|Any CPU
		{8A18AEA1-5885-4D33-9794-6D0C8A06800A}.Release|Any CPU.ActiveCfg = Release|Any CPU
		{8A18AEA1-5885-4D33-9794-6D0C8A06800A}.Release|Any CPU.Build.0 = Release|Any CPU
		{E6839136-7D27-4154-ACDB-63B9E6044B62}.Debug|Any CPU.ActiveCfg = Debug|Any CPU
		{E6839136-7D27-4154-ACDB-63B9E6044B62}.Debug|Any CPU.Build.0 = Debug|Any CPU
		{E6839136-7D27-4154-ACDB-63B9E6044B62}.Release|Any CPU.ActiveCfg = Release|Any CPU
		{E6839136-7D27-4154-ACDB-63B9E6044B62}.Release|Any CPU.Build.0 = Release|Any CPU
	EndGlobalSection
	GlobalSection(SolutionProperties) = preSolution
		HideSolutionNode = FALSE
	EndGlobalSection
	GlobalSection(ExtensibilityGlobals) = postSolution
		SolutionGuid = {D9DEB579-C146-46F1-8183-C1DBC625BE59}
	EndGlobalSection
EndGlobal
